
Microsoft Visual Studio Solution File, Format Version 12.00
# Visual Studio Version 17
VisualStudioVersion = 17.1.32210.238
MinimumVisualStudioVersion = 10.0.40219.1
Project("{FAE04EC0-301F-11D3-BF4B-00C04F79EFBC}") = "MvcProjeKampi", "MvcProjeKampi\MvcProjeKampi.csproj", "{5507EB6D-1673-4AFF-AB11-AC61CEF754CC}"
EndProject
Project("{FAE04EC0-301F-11D3-BF4B-00C04F79EFBC}") = "EntityLayer", "EntityLayer\EntityLayer.csproj", "{50311F15-0273-49A5-B304-4CE758269EBB}"
EndProject
Project("{FAE04EC0-301F-11D3-BF4B-00C04F79EFBC}") = "DataAccessLayer", "DataAccessLayer\DataAccessLayer.csproj", "{9B10EB16-0338-4ED1-B55C-884D2837A72A}"
EndProject
Project("{FAE04EC0-301F-11D3-BF4B-00C04F79EFBC}") = "BusinessLayer", "BusinessLayer\BusinessLayer.csproj", "{EBE4A3D6-BAEC-48B9-B67B-CF1D2CC7BAAF}"
EndProject
Global
	GlobalSection(SolutionConfigurationPlatforms) = preSolution
		Debug|Any CPU = Debug|Any CPU
		Release|Any CPU = Release|Any CPU
	EndGlobalSection
	GlobalSection(ProjectConfigurationPlatforms) = postSolution
		{5507EB6D-1673-4AFF-AB11-AC61CEF754CC}.Debug|Any CPU.ActiveCfg = Debug|Any CPU
		{5507EB6D-1673-4AFF-AB11-AC61CEF754CC}.Debug|Any CPU.Build.0 = Debug|Any CPU
		{5507EB6D-1673-4AFF-AB11-AC61CEF754CC}.Release|Any CPU.ActiveCfg = Release|Any CPU
		{5507EB6D-1673-4AFF-AB11-AC61CEF754CC}.Release|Any CPU.Build.0 = Release|Any CPU
		{50311F15-0273-49A5-B304-4CE758269EBB}.Debug|Any CPU.ActiveCfg = Debug|Any CPU
		{50311F15-0273-49A5-B304-4CE758269EBB}.Debug|Any CPU.Build.0 = Debug|Any CPU
		{50311F15-0273-49A5-B304-4CE758269EBB}.Release|Any CPU.ActiveCfg = Release|Any CPU
		{50311F15-0273-49A5-B304-4CE758269EBB}.Release|Any CPU.Build.0 = Release|Any CPU
		{9B10EB16-0338-4ED1-B55C-884D2837A72A}.Debug|Any CPU.ActiveCfg = Debug|Any CPU
		{9B10EB16-0338-4ED1-B55C-884D2837A72A}.Debug|Any CPU.Build.0 = Debug|Any CPU
		{9B10EB16-0338-4ED1-B55C-884D2837A72A}.Release|Any CPU.ActiveCfg = Release|Any CPU
		{9B10EB16-0338-4ED1-B55C-884D2837A72A}.Release|Any CPU.Build.0 = Release|Any CPU
		{EBE4A3D6-BAEC-48B9-B67B-CF1D2CC7BAAF}.Debug|Any CPU.ActiveCfg = Debug|Any CPU
		{EBE4A3D6-BAEC-48B9-B67B-CF1D2CC7BAAF}.Debug|Any CPU.Build.0 = Debug|Any CPU
		{EBE4A3D6-BAEC-48B9-B67B-CF1D2CC7BAAF}.Release|Any CPU.ActiveCfg = Release|Any CPU
		{EBE4A3D6-BAEC-48B9-B67B-CF1D2CC7BAAF}.Release|Any CPU.Build.0 = Release|Any CPU
	EndGlobalSection
	GlobalSection(SolutionProperties) = preSolution
		HideSolutionNode = FALSE
	EndGlobalSection
	GlobalSection(ExtensibilityGlobals) = postSolution
		SolutionGuid = {94C952F3-E942-4219-99E1-BB76FB12A4F9}
	EndGlobalSection
EndGlobal
